
Microsoft Visual Studio Solution File, Format Version 12.00
# Visual Studio 15
VisualStudioVersion = 15.0.26730.16
MinimumVisualStudioVersion = 10.0.40219.1
Project("{FAE04EC0-301F-11D3-BF4B-00C04F79EFBC}") = "shortbook-client-windows", "shortbook-client-windows\shortbook-client-windows.csproj", "{54D06F14-BAD5-4805-9637-B2E97DB3F68A}"
EndProject
Global
	GlobalSection(SolutionConfigurationPlatforms) = preSolution
		Debug|Any CPU = Debug|Any CPU
		Release|Any CPU = Release|Any CPU
	EndGlobalSection
	GlobalSection(ProjectConfigurationPlatforms) = postSolution
		{54D06F14-BAD5-4805-9637-B2E97DB3F68A}.Debug|Any CPU.ActiveCfg = Debug|Any CPU
		{54D06F14-BAD5-4805-9637-B2E97DB3F68A}.Debug|Any CPU.Build.0 = Debug|Any CPU
		{54D06F14-BAD5-4805-9637-B2E97DB3F68A}.Release|Any CPU.ActiveCfg = Release|Any CPU
		{54D06F14-BAD5-4805-9637-B2E97DB3F68A}.Release|Any CPU.Build.0 = Release|Any CPU
	EndGlobalSection
	GlobalSection(SolutionProperties) = preSolution
		HideSolutionNode = FALSE
	EndGlobalSection
	GlobalSection(ExtensibilityGlobals) = postSolution
		SolutionGuid = {D334D0F6-22D9-4567-9EE9-5812669BBB3B}
	EndGlobalSection
EndGlobal
